
Microsoft Visual Studio Solution File, Format Version 12.00
# Visual Studio Version 17
VisualStudioVersion = 17.4.33213.308
MinimumVisualStudioVersion = 10.0.40219.1
Project("{FAE04EC0-301F-11D3-BF4B-00C04F79EFBC}") = "InsideDialogEditing", "InsideDialogEditing.csproj", "{6A91F3BC-F626-4548-BDE4-1F9D24C4E2F8}"
EndProject
Global
	GlobalSection(SolutionConfigurationPlatforms) = preSolution
		Debug|Any CPU = Debug|Any CPU
		Release|Any CPU = Release|Any CPU
	EndGlobalSection
	GlobalSection(ProjectConfigurationPlatforms) = postSolution
		{6A91F3BC-F626-4548-BDE4-1F9D24C4E2F8}.Debug|Any CPU.ActiveCfg = Debug|Any CPU
		{6A91F3BC-F626-4548-BDE4-1F9D24C4E2F8}.Debug|Any CPU.Build.0 = Debug|Any CPU
		{6A91F3BC-F626-4548-BDE4-1F9D24C4E2F8}.Release|Any CPU.ActiveCfg = Release|Any CPU
		{6A91F3BC-F626-4548-BDE4-1F9D24C4E2F8}.Release|Any CPU.Build.0 = Release|Any CPU
	EndGlobalSection
	GlobalSection(SolutionProperties) = preSolution
		HideSolutionNode = FALSE
	EndGlobalSection
	GlobalSection(ExtensibilityGlobals) = postSolution
		SolutionGuid = {28CEA7F5-3411-47D2-B4ED-3AB2A1F29957}
	EndGlobalSection
EndGlobal
